// !$*UTF8*$!
{
	archiveVersion = 1;
	classes = {
	};
	objectVersion = 56;
	objects = {

/* Begin PBXBuildFile section */
		34342B302A25FA84001EB2C3 /* TranslasteViewModel.swift in Sources */ = {isa = PBXBuildFile; fileRef = 34342B2F2A25FA84001EB2C3 /* TranslasteViewModel.swift */; };
		34342B372A26082B001EB2C3 /* InsertViewModel.swift in Sources */ = {isa = PBXBuildFile; fileRef = 34342B362A26082B001EB2C3 /* InsertViewModel.swift */; };
		34342B392A260B52001EB2C3 /* ResultViewModel.swift in Sources */ = {isa = PBXBuildFile; fileRef = 34342B382A260B52001EB2C3 /* ResultViewModel.swift */; };
		34342B3B2A260C00001EB2C3 /* LanguageViewModel.swift in Sources */ = {isa = PBXBuildFile; fileRef = 34342B3A2A260C00001EB2C3 /* LanguageViewModel.swift */; };
		34342B402A27524B001EB2C3 /* BookmarkData.swift in Sources */ = {isa = PBXBuildFile; fileRef = 34342B3F2A27524A001EB2C3 /* BookmarkData.swift */; };
		34342B462A2759ED001EB2C3 /* BookmarkSaveRepositoryProtocol.swift in Sources */ = {isa = PBXBuildFile; fileRef = 34342B452A2759ED001EB2C3 /* BookmarkSaveRepositoryProtocol.swift */; };
		34342B482A275B06001EB2C3 /* BookmarkSaveUsecase.swift in Sources */ = {isa = PBXBuildFile; fileRef = 34342B472A275B06001EB2C3 /* BookmarkSaveUsecase.swift */; };
		34342B4F2A275B82001EB2C3 /* BookmarkReadDeleteRepository.swift in Sources */ = {isa = PBXBuildFile; fileRef = 34342B4E2A275B82001EB2C3 /* BookmarkReadDeleteRepository.swift */; };
		34342B532A275BC3001EB2C3 /* UserDefaults+.swift in Sources */ = {isa = PBXBuildFile; fileRef = 34342B522A275BC3001EB2C3 /* UserDefaults+.swift */; };
		34342B582A27606F001EB2C3 /* BookmarkSaveUsecaseProtocol.swift in Sources */ = {isa = PBXBuildFile; fileRef = 34342B572A27606F001EB2C3 /* BookmarkSaveUsecaseProtocol.swift */; };
		34342B5A2A2762EA001EB2C3 /* BookmarkReadDeleteRepositoryProtocol.swift in Sources */ = {isa = PBXBuildFile; fileRef = 34342B592A2762EA001EB2C3 /* BookmarkReadDeleteRepositoryProtocol.swift */; };
		34342B5C2A27635C001EB2C3 /* BookmarkSaveRepository.swift in Sources */ = {isa = PBXBuildFile; fileRef = 34342B5B2A27635C001EB2C3 /* BookmarkSaveRepository.swift */; };
		343E09DF2A1B7CCC009D210B /* ResultView.swift in Sources */ = {isa = PBXBuildFile; fileRef = 343E09DE2A1B7CCC009D210B /* ResultView.swift */; };
		343E09E12A1B7FE3009D210B /* InsertView.swift in Sources */ = {isa = PBXBuildFile; fileRef = 343E09E02A1B7FE2009D210B /* InsertView.swift */; };
		348746E92A1CD6EA008C2E05 /* Language.swift in Sources */ = {isa = PBXBuildFile; fileRef = 348746E82A1CD6EA008C2E05 /* Language.swift */; };
		349D7FF82A1B75EE00E9C6E1 /* SWIFTUI_TranslateApp.swift in Sources */ = {isa = PBXBuildFile; fileRef = 349D7FF72A1B75EE00E9C6E1 /* SWIFTUI_TranslateApp.swift */; };
		349D7FFA2A1B75EE00E9C6E1 /* ContentView.swift in Sources */ = {isa = PBXBuildFile; fileRef = 349D7FF92A1B75EE00E9C6E1 /* ContentView.swift */; };
		349D7FFC2A1B75F200E9C6E1 /* Assets.xcassets in Resources */ = {isa = PBXBuildFile; fileRef = 349D7FFB2A1B75F200E9C6E1 /* Assets.xcassets */; };
		349D7FFF2A1B75F200E9C6E1 /* Preview Assets.xcassets in Resources */ = {isa = PBXBuildFile; fileRef = 349D7FFE2A1B75F200E9C6E1 /* Preview Assets.xcassets */; };
		349D800C2A1B78EF00E9C6E1 /* TranslateView.swift in Sources */ = {isa = PBXBuildFile; fileRef = 349D800B2A1B78EF00E9C6E1 /* TranslateView.swift */; };
		349D800E2A1B798700E9C6E1 /* LanguageView.swift in Sources */ = {isa = PBXBuildFile; fileRef = 349D800D2A1B798700E9C6E1 /* LanguageView.swift */; };
		34A4DE3D2A289AB6008976DA /* BookmarkView.swift in Sources */ = {isa = PBXBuildFile; fileRef = 34A4DE3C2A289AB6008976DA /* BookmarkView.swift */; };
		34A4DE3F2A289C2D008976DA /* BookmarkCell.swift in Sources */ = {isa = PBXBuildFile; fileRef = 34A4DE3E2A289C2D008976DA /* BookmarkCell.swift */; };
		34A4DE422A28ABE3008976DA /* BookmarkReadDeleteUsecase.swift in Sources */ = {isa = PBXBuildFile; fileRef = 34A4DE412A28ABE3008976DA /* BookmarkReadDeleteUsecase.swift */; };
		34A4DE442A28AC26008976DA /* BookmarkReadDeleteUsecaseProtocol.swift in Sources */ = {isa = PBXBuildFile; fileRef = 34A4DE432A28AC26008976DA /* BookmarkReadDeleteUsecaseProtocol.swift */; };
		34A4DE462A28AE33008976DA /* BookmarkViewModel.swift in Sources */ = {isa = PBXBuildFile; fileRef = 34A4DE452A28AE33008976DA /* BookmarkViewModel.swift */; };
		34ADBF0F2A2DE55800388C49 /* TranslateRequestDataDTO.swift in Sources */ = {isa = PBXBuildFile; fileRef = 34ADBF0E2A2DE55800388C49 /* TranslateRequestDataDTO.swift */; };
		34ADBF122A2DE5D700388C49 /* TranslateResponseDataDTO.swift in Sources */ = {isa = PBXBuildFile; fileRef = 34ADBF112A2DE5D700388C49 /* TranslateResponseDataDTO.swift */; };
		34ADBF142A2DE76E00388C49 /* NetworkServiceProtocol.swift in Sources */ = {isa = PBXBuildFile; fileRef = 34ADBF132A2DE76E00388C49 /* NetworkServiceProtocol.swift */; };
		34ADBF172A2DE84C00388C49 /* NetworkService.swift in Sources */ = {isa = PBXBuildFile; fileRef = 34ADBF162A2DE84C00388C49 /* NetworkService.swift */; };
		34ADBF192A2DEF8400388C49 /* RequestToken.swift in Sources */ = {isa = PBXBuildFile; fileRef = 34ADBF182A2DEF8400388C49 /* RequestToken.swift */; };
		34ADBF1B2A2DF02700388C49 /* TranslateRequestRepositortyProtocol.swift in Sources */ = {isa = PBXBuildFile; fileRef = 34ADBF1A2A2DF02700388C49 /* TranslateRequestRepositortyProtocol.swift */; };
		34ADBF1F2A2DF13D00388C49 /* TranslateRequestRepositorty.swift in Sources */ = {isa = PBXBuildFile; fileRef = 34ADBF1E2A2DF13D00388C49 /* TranslateRequestRepositorty.swift */; };
		34ADBF222A2DF71B00388C49 /* TranslateRequestUsecase.swift in Sources */ = {isa = PBXBuildFile; fileRef = 34ADBF212A2DF71B00388C49 /* TranslateRequestUsecase.swift */; };
		34ADBF242A2DF89800388C49 /* TranslateRequestUsecaseProtocol.swift in Sources */ = {isa = PBXBuildFile; fileRef = 34ADBF232A2DF89800388C49 /* TranslateRequestUsecaseProtocol.swift */; };
/* End PBXBuildFile section */

/* Begin PBXFileReference section */
		34342B2F2A25FA84001EB2C3 /* TranslasteViewModel.swift */ = {isa = PBXFileReference; lastKnownFileType = sourcecode.swift; path = TranslasteViewModel.swift; sourceTree = "<group>"; };
		34342B362A26082B001EB2C3 /* InsertViewModel.swift */ = {isa = PBXFileReference; lastKnownFileType = sourcecode.swift; path = InsertViewModel.swift; sourceTree = "<group>"; };
		34342B382A260B52001EB2C3 /* ResultViewModel.swift */ = {isa = PBXFileReference; lastKnownFileType = sourcecode.swift; path = ResultViewModel.swift; sourceTree = "<group>"; };
		34342B3A2A260C00001EB2C3 /* LanguageViewModel.swift */ = {isa = PBXFileReference; lastKnownFileType = sourcecode.swift; path = LanguageViewModel.swift; sourceTree = "<group>"; };
		34342B3F2A27524A001EB2C3 /* BookmarkData.swift */ = {isa = PBXFileReference; lastKnownFileType = sourcecode.swift; path = BookmarkData.swift; sourceTree = "<group>"; };
		34342B452A2759ED001EB2C3 /* BookmarkSaveRepositoryProtocol.swift */ = {isa = PBXFileReference; lastKnownFileType = sourcecode.swift; path = BookmarkSaveRepositoryProtocol.swift; sourceTree = "<group>"; };
		34342B472A275B06001EB2C3 /* BookmarkSaveUsecase.swift */ = {isa = PBXFileReference; lastKnownFileType = sourcecode.swift; path = BookmarkSaveUsecase.swift; sourceTree = "<group>"; };
		34342B4E2A275B82001EB2C3 /* BookmarkReadDeleteRepository.swift */ = {isa = PBXFileReference; lastKnownFileType = sourcecode.swift; path = BookmarkReadDeleteRepository.swift; sourceTree = "<group>"; };
		34342B522A275BC3001EB2C3 /* UserDefaults+.swift */ = {isa = PBXFileReference; lastKnownFileType = sourcecode.swift; path = "UserDefaults+.swift"; sourceTree = "<group>"; };
		34342B572A27606F001EB2C3 /* BookmarkSaveUsecaseProtocol.swift */ = {isa = PBXFileReference; lastKnownFileType = sourcecode.swift; path = BookmarkSaveUsecaseProtocol.swift; sourceTree = "<group>"; };
		34342B592A2762EA001EB2C3 /* BookmarkReadDeleteRepositoryProtocol.swift */ = {isa = PBXFileReference; lastKnownFileType = sourcecode.swift; path = BookmarkReadDeleteRepositoryProtocol.swift; sourceTree = "<group>"; };
		34342B5B2A27635C001EB2C3 /* BookmarkSaveRepository.swift */ = {isa = PBXFileReference; lastKnownFileType = sourcecode.swift; path = BookmarkSaveRepository.swift; sourceTree = "<group>"; };
		343E09DE2A1B7CCC009D210B /* ResultView.swift */ = {isa = PBXFileReference; lastKnownFileType = sourcecode.swift; path = ResultView.swift; sourceTree = "<group>"; };
		343E09E02A1B7FE2009D210B /* InsertView.swift */ = {isa = PBXFileReference; lastKnownFileType = sourcecode.swift; path = InsertView.swift; sourceTree = "<group>"; };
		348746E82A1CD6EA008C2E05 /* Language.swift */ = {isa = PBXFileReference; lastKnownFileType = sourcecode.swift; path = Language.swift; sourceTree = "<group>"; };
		349D7FF42A1B75EE00E9C6E1 /* SWIFTUI_Translate.app */ = {isa = PBXFileReference; explicitFileType = wrapper.application; includeInIndex = 0; path = SWIFTUI_Translate.app; sourceTree = BUILT_PRODUCTS_DIR; };
		349D7FF72A1B75EE00E9C6E1 /* SWIFTUI_TranslateApp.swift */ = {isa = PBXFileReference; lastKnownFileType = sourcecode.swift; path = SWIFTUI_TranslateApp.swift; sourceTree = "<group>"; };
		349D7FF92A1B75EE00E9C6E1 /* ContentView.swift */ = {isa = PBXFileReference; lastKnownFileType = sourcecode.swift; path = ContentView.swift; sourceTree = "<group>"; };
		349D7FFB2A1B75F200E9C6E1 /* Assets.xcassets */ = {isa = PBXFileReference; lastKnownFileType = folder.assetcatalog; path = Assets.xcassets; sourceTree = "<group>"; };
		349D7FFE2A1B75F200E9C6E1 /* Preview Assets.xcassets */ = {isa = PBXFileReference; lastKnownFileType = folder.assetcatalog; path = "Preview Assets.xcassets"; sourceTree = "<group>"; };
		349D800B2A1B78EF00E9C6E1 /* TranslateView.swift */ = {isa = PBXFileReference; lastKnownFileType = sourcecode.swift; path = TranslateView.swift; sourceTree = "<group>"; };
		349D800D2A1B798700E9C6E1 /* LanguageView.swift */ = {isa = PBXFileReference; lastKnownFileType = sourcecode.swift; path = LanguageView.swift; sourceTree = "<group>"; };
		34A4DE3C2A289AB6008976DA /* BookmarkView.swift */ = {isa = PBXFileReference; lastKnownFileType = sourcecode.swift; path = BookmarkView.swift; sourceTree = "<group>"; };
		34A4DE3E2A289C2D008976DA /* BookmarkCell.swift */ = {isa = PBXFileReference; lastKnownFileType = sourcecode.swift; path = BookmarkCell.swift; sourceTree = "<group>"; };
		34A4DE412A28ABE3008976DA /* BookmarkReadDeleteUsecase.swift */ = {isa = PBXFileReference; lastKnownFileType = sourcecode.swift; path = BookmarkReadDeleteUsecase.swift; sourceTree = "<group>"; };
		34A4DE432A28AC26008976DA /* BookmarkReadDeleteUsecaseProtocol.swift */ = {isa = PBXFileReference; lastKnownFileType = sourcecode.swift; path = BookmarkReadDeleteUsecaseProtocol.swift; sourceTree = "<group>"; };
		34A4DE452A28AE33008976DA /* BookmarkViewModel.swift */ = {isa = PBXFileReference; lastKnownFileType = sourcecode.swift; path = BookmarkViewModel.swift; sourceTree = "<group>"; };
		34ADBF0E2A2DE55800388C49 /* TranslateRequestDataDTO.swift */ = {isa = PBXFileReference; lastKnownFileType = sourcecode.swift; path = TranslateRequestDataDTO.swift; sourceTree = "<group>"; };
		34ADBF112A2DE5D700388C49 /* TranslateResponseDataDTO.swift */ = {isa = PBXFileReference; lastKnownFileType = sourcecode.swift; path = TranslateResponseDataDTO.swift; sourceTree = "<group>"; };
		34ADBF132A2DE76E00388C49 /* NetworkServiceProtocol.swift */ = {isa = PBXFileReference; lastKnownFileType = sourcecode.swift; path = NetworkServiceProtocol.swift; sourceTree = "<group>"; };
		34ADBF162A2DE84C00388C49 /* NetworkService.swift */ = {isa = PBXFileReference; lastKnownFileType = sourcecode.swift; path = NetworkService.swift; sourceTree = "<group>"; };
		34ADBF182A2DEF8400388C49 /* RequestToken.swift */ = {isa = PBXFileReference; lastKnownFileType = sourcecode.swift; path = RequestToken.swift; sourceTree = "<group>"; };
		34ADBF1A2A2DF02700388C49 /* TranslateRequestRepositortyProtocol.swift */ = {isa = PBXFileReference; lastKnownFileType = sourcecode.swift; path = TranslateRequestRepositortyProtocol.swift; sourceTree = "<group>"; };
		34ADBF1E2A2DF13D00388C49 /* TranslateRequestRepositorty.swift */ = {isa = PBXFileReference; lastKnownFileType = sourcecode.swift; path = TranslateRequestRepositorty.swift; sourceTree = "<group>"; };
		34ADBF212A2DF71B00388C49 /* TranslateRequestUsecase.swift */ = {isa = PBXFileReference; lastKnownFileType = sourcecode.swift; path = TranslateRequestUsecase.swift; sourceTree = "<group>"; };
		34ADBF232A2DF89800388C49 /* TranslateRequestUsecaseProtocol.swift */ = {isa = PBXFileReference; lastKnownFileType = sourcecode.swift; path = TranslateRequestUsecaseProtocol.swift; sourceTree = "<group>"; };
/* End PBXFileReference section */

/* Begin PBXFrameworksBuildPhase section */
		349D7FF12A1B75EE00E9C6E1 /* Frameworks */ = {
			isa = PBXFrameworksBuildPhase;
			buildActionMask = 2147483647;
			files = (
			);
			runOnlyForDeploymentPostprocessing = 0;
		};
/* End PBXFrameworksBuildPhase section */

/* Begin PBXGroup section */
		34342B3C2A2612A4001EB2C3 /* Language */ = {
			isa = PBXGroup;
			children = (
				349D800D2A1B798700E9C6E1 /* LanguageView.swift */,
				34342B3A2A260C00001EB2C3 /* LanguageViewModel.swift */,
			);
			path = Language;
			sourceTree = "<group>";
		};
		34342B3D2A2612AD001EB2C3 /* Insert */ = {
			isa = PBXGroup;
			children = (
				343E09E02A1B7FE2009D210B /* InsertView.swift */,
				34342B362A26082B001EB2C3 /* InsertViewModel.swift */,
			);
			path = Insert;
			sourceTree = "<group>";
		};
		34342B3E2A2612B4001EB2C3 /* Result */ = {
			isa = PBXGroup;
			children = (
				343E09DE2A1B7CCC009D210B /* ResultView.swift */,
				34342B382A260B52001EB2C3 /* ResultViewModel.swift */,
			);
			path = Result;
			sourceTree = "<group>";
		};
		34342B412A275251001EB2C3 /* Domain */ = {
			isa = PBXGroup;
			children = (
				34342B442A275989001EB2C3 /* RepositoryProtocol */,
				34342B432A275980001EB2C3 /* Usecase */,
				34342B422A27525B001EB2C3 /* Entity */,
			);
			path = Domain;
			sourceTree = "<group>";
		};
		34342B422A27525B001EB2C3 /* Entity */ = {
			isa = PBXGroup;
			children = (
				348746E82A1CD6EA008C2E05 /* Language.swift */,
				34342B3F2A27524A001EB2C3 /* BookmarkData.swift */,
			);
			path = Entity;
			sourceTree = "<group>";
		};
		34342B432A275980001EB2C3 /* Usecase */ = {
			isa = PBXGroup;
			children = (
				34ADBF202A2DF70200388C49 /* Translate */,
				34342B4C2A275B5F001EB2C3 /* BookmarkSave */,
			);
			path = Usecase;
			sourceTree = "<group>";
		};
		34342B442A275989001EB2C3 /* RepositoryProtocol */ = {
			isa = PBXGroup;
			children = (
				34ADBF1C2A2DF02E00388C49 /* Translate */,
				34342B4B2A275B55001EB2C3 /* BookmarkSave */,
			);
			path = RepositoryProtocol;
			sourceTree = "<group>";
		};
		34342B492A275B3E001EB2C3 /* Data */ = {
			isa = PBXGroup;
			children = (
				34ADBF0C2A2DE3F500388C49 /* Network */,
				34342B4D2A275B6B001EB2C3 /* Repository */,
			);
			path = Data;
			sourceTree = "<group>";
		};
		34342B4A2A275B43001EB2C3 /* BookmarkSave */ = {
			isa = PBXGroup;
			children = (
				34342B4E2A275B82001EB2C3 /* BookmarkReadDeleteRepository.swift */,
				34342B5B2A27635C001EB2C3 /* BookmarkSaveRepository.swift */,
			);
			path = BookmarkSave;
			sourceTree = "<group>";
		};
		34342B4B2A275B55001EB2C3 /* BookmarkSave */ = {
			isa = PBXGroup;
			children = (
				34342B452A2759ED001EB2C3 /* BookmarkSaveRepositoryProtocol.swift */,
				34342B592A2762EA001EB2C3 /* BookmarkReadDeleteRepositoryProtocol.swift */,
			);
			path = BookmarkSave;
			sourceTree = "<group>";
		};
		34342B4C2A275B5F001EB2C3 /* BookmarkSave */ = {
			isa = PBXGroup;
			children = (
				34342B562A27605D001EB2C3 /* Protocol */,
				34342B472A275B06001EB2C3 /* BookmarkSaveUsecase.swift */,
				34A4DE412A28ABE3008976DA /* BookmarkReadDeleteUsecase.swift */,
			);
			path = BookmarkSave;
			sourceTree = "<group>";
		};
		34342B4D2A275B6B001EB2C3 /* Repository */ = {
			isa = PBXGroup;
			children = (
				34ADBF1D2A2DF12F00388C49 /* Translate */,
				34342B4A2A275B43001EB2C3 /* BookmarkSave */,
			);
			path = Repository;
			sourceTree = "<group>";
		};
		34342B502A275BA9001EB2C3 /* Util */ = {
			isa = PBXGroup;
			children = (
				34342B512A275BB1001EB2C3 /* Extension */,
			);
			path = Util;
			sourceTree = "<group>";
		};
		34342B512A275BB1001EB2C3 /* Extension */ = {
			isa = PBXGroup;
			children = (
				34342B522A275BC3001EB2C3 /* UserDefaults+.swift */,
			);
			path = Extension;
			sourceTree = "<group>";
		};
		34342B562A27605D001EB2C3 /* Protocol */ = {
			isa = PBXGroup;
			children = (
				34342B572A27606F001EB2C3 /* BookmarkSaveUsecaseProtocol.swift */,
				34A4DE432A28AC26008976DA /* BookmarkReadDeleteUsecaseProtocol.swift */,
			);
			path = Protocol;
			sourceTree = "<group>";
		};
		349D7FEB2A1B75EE00E9C6E1 = {
			isa = PBXGroup;
			children = (
				34ADBF182A2DEF8400388C49 /* RequestToken.swift */,
				349D7FF62A1B75EE00E9C6E1 /* SWIFTUI_Translate */,
				349D7FF52A1B75EE00E9C6E1 /* Products */,
			);
			sourceTree = "<group>";
		};
		349D7FF52A1B75EE00E9C6E1 /* Products */ = {
			isa = PBXGroup;
			children = (
				349D7FF42A1B75EE00E9C6E1 /* SWIFTUI_Translate.app */,
			);
			name = Products;
			sourceTree = "<group>";
		};
		349D7FF62A1B75EE00E9C6E1 /* SWIFTUI_Translate */ = {
			isa = PBXGroup;
			children = (
				34342B502A275BA9001EB2C3 /* Util */,
				34342B492A275B3E001EB2C3 /* Data */,
				34342B412A275251001EB2C3 /* Domain */,
				349D80092A1B78B300E9C6E1 /* Application */,
				349D80072A1B789400E9C6E1 /* Presentation */,
				349D800A2A1B78CB00E9C6E1 /* Resource */,
			);
			path = SWIFTUI_Translate;
			sourceTree = "<group>";
		};
		349D7FFD2A1B75F200E9C6E1 /* Preview Content */ = {
			isa = PBXGroup;
			children = (
				349D7FFE2A1B75F200E9C6E1 /* Preview Assets.xcassets */,
			);
			path = "Preview Content";
			sourceTree = "<group>";
		};
		349D80072A1B789400E9C6E1 /* Presentation */ = {
			isa = PBXGroup;
			children = (
				34A4DE3B2A289AA4008976DA /* Bookmark */,
				349D80082A1B78AB00E9C6E1 /* Translate */,
			);
			path = Presentation;
			sourceTree = "<group>";
		};
		349D80082A1B78AB00E9C6E1 /* Translate */ = {
			isa = PBXGroup;
			children = (
				349D800B2A1B78EF00E9C6E1 /* TranslateView.swift */,
				34342B2F2A25FA84001EB2C3 /* TranslasteViewModel.swift */,
				349D800F2A1B798B00E9C6E1 /* Sub */,
			);
			path = Translate;
			sourceTree = "<group>";
		};
		349D80092A1B78B300E9C6E1 /* Application */ = {
			isa = PBXGroup;
			children = (
				349D7FF72A1B75EE00E9C6E1 /* SWIFTUI_TranslateApp.swift */,
				349D7FF92A1B75EE00E9C6E1 /* ContentView.swift */,
			);
			path = Application;
			sourceTree = "<group>";
		};
		349D800A2A1B78CB00E9C6E1 /* Resource */ = {
			isa = PBXGroup;
			children = (
				349D7FFD2A1B75F200E9C6E1 /* Preview Content */,
				349D7FFB2A1B75F200E9C6E1 /* Assets.xcassets */,
			);
			path = Resource;
			sourceTree = "<group>";
		};
		349D800F2A1B798B00E9C6E1 /* Sub */ = {
			isa = PBXGroup;
			children = (
				34342B3C2A2612A4001EB2C3 /* Language */,
				34342B3D2A2612AD001EB2C3 /* Insert */,
				34342B3E2A2612B4001EB2C3 /* Result */,
			);
			path = Sub;
			sourceTree = "<group>";
		};
		34A4DE3B2A289AA4008976DA /* Bookmark */ = {
			isa = PBXGroup;
			children = (
				34A4DE3C2A289AB6008976DA /* BookmarkView.swift */,
				34A4DE452A28AE33008976DA /* BookmarkViewModel.swift */,
				34A4DE402A289C31008976DA /* Sub */,
			);
			path = Bookmark;
			sourceTree = "<group>";
		};
		34A4DE402A289C31008976DA /* Sub */ = {
			isa = PBXGroup;
			children = (
				34A4DE3E2A289C2D008976DA /* BookmarkCell.swift */,
			);
			path = Sub;
			sourceTree = "<group>";
		};
		34ADBF0C2A2DE3F500388C49 /* Network */ = {
			isa = PBXGroup;
			children = (
				34ADBF162A2DE84C00388C49 /* NetworkService.swift */,
				34ADBF152A2DE77500388C49 /* Protocol */,
				34ADBF0D2A2DE54700388C49 /* DTO */,
			);
			path = Network;
			sourceTree = "<group>";
		};
		34ADBF0D2A2DE54700388C49 /* DTO */ = {
			isa = PBXGroup;
			children = (
				34ADBF0E2A2DE55800388C49 /* TranslateRequestDataDTO.swift */,
				34ADBF112A2DE5D700388C49 /* TranslateResponseDataDTO.swift */,
			);
			path = DTO;
			sourceTree = "<group>";
		};
		34ADBF152A2DE77500388C49 /* Protocol */ = {
			isa = PBXGroup;
			children = (
				34ADBF132A2DE76E00388C49 /* NetworkServiceProtocol.swift */,
			);
			path = Protocol;
			sourceTree = "<group>";
		};
		34ADBF1C2A2DF02E00388C49 /* Translate */ = {
			isa = PBXGroup;
			children = (
				34ADBF1A2A2DF02700388C49 /* TranslateRequestRepositortyProtocol.swift */,
			);
			path = Translate;
			sourceTree = "<group>";
		};
		34ADBF1D2A2DF12F00388C49 /* Translate */ = {
			isa = PBXGroup;
			children = (
				34ADBF1E2A2DF13D00388C49 /* TranslateRequestRepositorty.swift */,
			);
			path = Translate;
			sourceTree = "<group>";
		};
		34ADBF202A2DF70200388C49 /* Translate */ = {
			isa = PBXGroup;
			children = (
				34ADBF212A2DF71B00388C49 /* TranslateRequestUsecase.swift */,
				34ADBF252A2DF89B00388C49 /* Protocol */,
			);
			path = Translate;
			sourceTree = "<group>";
		};
		34ADBF252A2DF89B00388C49 /* Protocol */ = {
			isa = PBXGroup;
			children = (
				34ADBF232A2DF89800388C49 /* TranslateRequestUsecaseProtocol.swift */,
			);
			path = Protocol;
			sourceTree = "<group>";
		};
/* End PBXGroup section */

/* Begin PBXNativeTarget section */
		349D7FF32A1B75EE00E9C6E1 /* SWIFTUI_Translate */ = {
			isa = PBXNativeTarget;
			buildConfigurationList = 349D80022A1B75F200E9C6E1 /* Build configuration list for PBXNativeTarget "SWIFTUI_Translate" */;
			buildPhases = (
				349D7FF02A1B75EE00E9C6E1 /* Sources */,
				349D7FF12A1B75EE00E9C6E1 /* Frameworks */,
				349D7FF22A1B75EE00E9C6E1 /* Resources */,
			);
			buildRules = (
			);
			dependencies = (
			);
			name = SWIFTUI_Translate;
			productName = SWIFTUI_Translate;
			productReference = 349D7FF42A1B75EE00E9C6E1 /* SWIFTUI_Translate.app */;
			productType = "com.apple.product-type.application";
		};
/* End PBXNativeTarget section */

/* Begin PBXProject section */
		349D7FEC2A1B75EE00E9C6E1 /* Project object */ = {
			isa = PBXProject;
			attributes = {
				BuildIndependentTargetsInParallel = 1;
				LastSwiftUpdateCheck = 1430;
				LastUpgradeCheck = 1430;
				TargetAttributes = {
					349D7FF32A1B75EE00E9C6E1 = {
						CreatedOnToolsVersion = 14.3;
					};
				};
			};
			buildConfigurationList = 349D7FEF2A1B75EE00E9C6E1 /* Build configuration list for PBXProject "SWIFTUI_Translate" */;
			compatibilityVersion = "Xcode 14.0";
			developmentRegion = en;
			hasScannedForEncodings = 0;
			knownRegions = (
				en,
				Base,
			);
			mainGroup = 349D7FEB2A1B75EE00E9C6E1;
			productRefGroup = 349D7FF52A1B75EE00E9C6E1 /* Products */;
			projectDirPath = "";
			projectRoot = "";
			targets = (
				349D7FF32A1B75EE00E9C6E1 /* SWIFTUI_Translate */,
			);
		};
/* End PBXProject section */

/* Begin PBXResourcesBuildPhase section */
		349D7FF22A1B75EE00E9C6E1 /* Resources */ = {
			isa = PBXResourcesBuildPhase;
			buildActionMask = 2147483647;
			files = (
				349D7FFF2A1B75F200E9C6E1 /* Preview Assets.xcassets in Resources */,
				349D7FFC2A1B75F200E9C6E1 /* Assets.xcassets in Resources */,
			);
			runOnlyForDeploymentPostprocessing = 0;
		};
/* End PBXResourcesBuildPhase section */

/* Begin PBXSourcesBuildPhase section */
		349D7FF02A1B75EE00E9C6E1 /* Sources */ = {
			isa = PBXSourcesBuildPhase;
			buildActionMask = 2147483647;
			files = (
				34342B532A275BC3001EB2C3 /* UserDefaults+.swift in Sources */,
				349D800E2A1B798700E9C6E1 /* LanguageView.swift in Sources */,
				34342B462A2759ED001EB2C3 /* BookmarkSaveRepositoryProtocol.swift in Sources */,
				34342B392A260B52001EB2C3 /* ResultViewModel.swift in Sources */,
				34342B582A27606F001EB2C3 /* BookmarkSaveUsecaseProtocol.swift in Sources */,
				34342B302A25FA84001EB2C3 /* TranslasteViewModel.swift in Sources */,
				34ADBF172A2DE84C00388C49 /* NetworkService.swift in Sources */,
				34A4DE3D2A289AB6008976DA /* BookmarkView.swift in Sources */,
				34342B3B2A260C00001EB2C3 /* LanguageViewModel.swift in Sources */,
				34A4DE3F2A289C2D008976DA /* BookmarkCell.swift in Sources */,
				343E09E12A1B7FE3009D210B /* InsertView.swift in Sources */,
				34342B5A2A2762EA001EB2C3 /* BookmarkReadDeleteRepositoryProtocol.swift in Sources */,
				34ADBF142A2DE76E00388C49 /* NetworkServiceProtocol.swift in Sources */,
				34342B4F2A275B82001EB2C3 /* BookmarkReadDeleteRepository.swift in Sources */,
				34A4DE462A28AE33008976DA /* BookmarkViewModel.swift in Sources */,
				34ADBF1F2A2DF13D00388C49 /* TranslateRequestRepositorty.swift in Sources */,
				34342B5C2A27635C001EB2C3 /* BookmarkSaveRepository.swift in Sources */,
				34342B482A275B06001EB2C3 /* BookmarkSaveUsecase.swift in Sources */,
				34ADBF242A2DF89800388C49 /* TranslateRequestUsecaseProtocol.swift in Sources */,
				34342B402A27524B001EB2C3 /* BookmarkData.swift in Sources */,
				34A4DE442A28AC26008976DA /* BookmarkReadDeleteUsecaseProtocol.swift in Sources */,
				349D7FFA2A1B75EE00E9C6E1 /* ContentView.swift in Sources */,
				34A4DE422A28ABE3008976DA /* BookmarkReadDeleteUsecase.swift in Sources */,
				34ADBF192A2DEF8400388C49 /* RequestToken.swift in Sources */,
				34ADBF0F2A2DE55800388C49 /* TranslateRequestDataDTO.swift in Sources */,
				34ADBF222A2DF71B00388C49 /* TranslateRequestUsecase.swift in Sources */,
				34ADBF1B2A2DF02700388C49 /* TranslateRequestRepositortyProtocol.swift in Sources */,
				348746E92A1CD6EA008C2E05 /* Language.swift in Sources */,
				343E09DF2A1B7CCC009D210B /* ResultView.swift in Sources */,
				349D800C2A1B78EF00E9C6E1 /* TranslateView.swift in Sources */,
				34ADBF122A2DE5D700388C49 /* TranslateResponseDataDTO.swift in Sources */,
				349D7FF82A1B75EE00E9C6E1 /* SWIFTUI_TranslateApp.swift in Sources */,
				34342B372A26082B001EB2C3 /* InsertViewModel.swift in Sources */,
			);
			runOnlyForDeploymentPostprocessing = 0;
		};
/* End PBXSourcesBuildPhase section */

/* Begin XCBuildConfiguration section */
		349D80002A1B75F200E9C6E1 /* Debug */ = {
			isa = XCBuildConfiguration;
			buildSettings = {
				ALWAYS_SEARCH_USER_PATHS = NO;
				CLANG_ANALYZER_NONNULL = YES;
				CLANG_ANALYZER_NUMBER_OBJECT_CONVERSION = YES_AGGRESSIVE;
				CLANG_CXX_LANGUAGE_STANDARD = "gnu++20";
				CLANG_ENABLE_MODULES = YES;
				CLANG_ENABLE_OBJC_ARC = YES;
				CLANG_ENABLE_OBJC_WEAK = YES;
				CLANG_WARN_BLOCK_CAPTURE_AUTORELEASING = YES;
				CLANG_WARN_BOOL_CONVERSION = YES;
				CLANG_WARN_COMMA = YES;
				CLANG_WARN_CONSTANT_CONVERSION = YES;
				CLANG_WARN_DEPRECATED_OBJC_IMPLEMENTATIONS = YES;
				CLANG_WARN_DIRECT_OBJC_ISA_USAGE = YES_ERROR;
				CLANG_WARN_DOCUMENTATION_COMMENTS = YES;
				CLANG_WARN_EMPTY_BODY = YES;
				CLANG_WARN_ENUM_CONVERSION = YES;
				CLANG_WARN_INFINITE_RECURSION = YES;
				CLANG_WARN_INT_CONVERSION = YES;
				CLANG_WARN_NON_LITERAL_NULL_CONVERSION = YES;
				CLANG_WARN_OBJC_IMPLICIT_RETAIN_SELF = YES;
				CLANG_WARN_OBJC_LITERAL_CONVERSION = YES;
				CLANG_WARN_OBJC_ROOT_CLASS = YES_ERROR;
				CLANG_WARN_QUOTED_INCLUDE_IN_FRAMEWORK_HEADER = YES;
				CLANG_WARN_RANGE_LOOP_ANALYSIS = YES;
				CLANG_WARN_STRICT_PROTOTYPES = YES;
				CLANG_WARN_SUSPICIOUS_MOVE = YES;
				CLANG_WARN_UNGUARDED_AVAILABILITY = YES_AGGRESSIVE;
				CLANG_WARN_UNREACHABLE_CODE = YES;
				CLANG_WARN__DUPLICATE_METHOD_MATCH = YES;
				COPY_PHASE_STRIP = NO;
				DEBUG_INFORMATION_FORMAT = dwarf;
				ENABLE_STRICT_OBJC_MSGSEND = YES;
				ENABLE_TESTABILITY = YES;
				GCC_C_LANGUAGE_STANDARD = gnu11;
				GCC_DYNAMIC_NO_PIC = NO;
				GCC_NO_COMMON_BLOCKS = YES;
				GCC_OPTIMIZATION_LEVEL = 0;
				GCC_PREPROCESSOR_DEFINITIONS = (
					"DEBUG=1",
					"$(inherited)",
				);
				GCC_WARN_64_TO_32_BIT_CONVERSION = YES;
				GCC_WARN_ABOUT_RETURN_TYPE = YES_ERROR;
				GCC_WARN_UNDECLARED_SELECTOR = YES;
				GCC_WARN_UNINITIALIZED_AUTOS = YES_AGGRESSIVE;
				GCC_WARN_UNUSED_FUNCTION = YES;
				GCC_WARN_UNUSED_VARIABLE = YES;
				IPHONEOS_DEPLOYMENT_TARGET = 16.4;
				MTL_ENABLE_DEBUG_INFO = INCLUDE_SOURCE;
				MTL_FAST_MATH = YES;
				ONLY_ACTIVE_ARCH = YES;
				SDKROOT = iphoneos;
				SWIFT_ACTIVE_COMPILATION_CONDITIONS = DEBUG;
				SWIFT_OPTIMIZATION_LEVEL = "-Onone";
			};
			name = Debug;
		};
		349D80012A1B75F200E9C6E1 /* Release */ = {
			isa = XCBuildConfiguration;
			buildSettings = {
				ALWAYS_SEARCH_USER_PATHS = NO;
				CLANG_ANALYZER_NONNULL = YES;
				CLANG_ANALYZER_NUMBER_OBJECT_CONVERSION = YES_AGGRESSIVE;
				CLANG_CXX_LANGUAGE_STANDARD = "gnu++20";
				CLANG_ENABLE_MODULES = YES;
				CLANG_ENABLE_OBJC_ARC = YES;
				CLANG_ENABLE_OBJC_WEAK = YES;
				CLANG_WARN_BLOCK_CAPTURE_AUTORELEASING = YES;
				CLANG_WARN_BOOL_CONVERSION = YES;
				CLANG_WARN_COMMA = YES;
				CLANG_WARN_CONSTANT_CONVERSION = YES;
				CLANG_WARN_DEPRECATED_OBJC_IMPLEMENTATIONS = YES;
				CLANG_WARN_DIRECT_OBJC_ISA_USAGE = YES_ERROR;
				CLANG_WARN_DOCUMENTATION_COMMENTS = YES;
				CLANG_WARN_EMPTY_BODY = YES;
				CLANG_WARN_ENUM_CONVERSION = YES;
				CLANG_WARN_INFINITE_RECURSION = YES;
				CLANG_WARN_INT_CONVERSION = YES;
				CLANG_WARN_NON_LITERAL_NULL_CONVERSION = YES;
				CLANG_WARN_OBJC_IMPLICIT_RETAIN_SELF = YES;
				CLANG_WARN_OBJC_LITERAL_CONVERSION = YES;
				CLANG_WARN_OBJC_ROOT_CLASS = YES_ERROR;
				CLANG_WARN_QUOTED_INCLUDE_IN_FRAMEWORK_HEADER = YES;
				CLANG_WARN_RANGE_LOOP_ANALYSIS = YES;
				CLANG_WARN_STRICT_PROTOTYPES = YES;
				CLANG_WARN_SUSPICIOUS_MOVE = YES;
				CLANG_WARN_UNGUARDED_AVAILABILITY = YES_AGGRESSIVE;
				CLANG_WARN_UNREACHABLE_CODE = YES;
				CLANG_WARN__DUPLICATE_METHOD_MATCH = YES;
				COPY_PHASE_STRIP = NO;
				DEBUG_INFORMATION_FORMAT = "dwarf-with-dsym";
				ENABLE_NS_ASSERTIONS = NO;
				ENABLE_STRICT_OBJC_MSGSEND = YES;
				GCC_C_LANGUAGE_STANDARD = gnu11;
				GCC_NO_COMMON_BLOCKS = YES;
				GCC_WARN_64_TO_32_BIT_CONVERSION = YES;
				GCC_WARN_ABOUT_RETURN_TYPE = YES_ERROR;
				GCC_WARN_UNDECLARED_SELECTOR = YES;
				GCC_WARN_UNINITIALIZED_AUTOS = YES_AGGRESSIVE;
				GCC_WARN_UNUSED_FUNCTION = YES;
				GCC_WARN_UNUSED_VARIABLE = YES;
				IPHONEOS_DEPLOYMENT_TARGET = 16.4;
				MTL_ENABLE_DEBUG_INFO = NO;
				MTL_FAST_MATH = YES;
				SDKROOT = iphoneos;
				SWIFT_COMPILATION_MODE = wholemodule;
				SWIFT_OPTIMIZATION_LEVEL = "-O";
				VALIDATE_PRODUCT = YES;
			};
			name = Release;
		};
		349D80032A1B75F200E9C6E1 /* Debug */ = {
			isa = XCBuildConfiguration;
			buildSettings = {
				ASSETCATALOG_COMPILER_APPICON_NAME = AppIcon;
				ASSETCATALOG_COMPILER_GLOBAL_ACCENT_COLOR_NAME = AccentColor;
				CODE_SIGN_STYLE = Automatic;
				CURRENT_PROJECT_VERSION = 1;
				DEVELOPMENT_ASSET_PATHS = "\"SWIFTUI_Translate/Resource/Preview Content\"";
				DEVELOPMENT_TEAM = 6V8879W55Z;
				ENABLE_PREVIEWS = YES;
				GENERATE_INFOPLIST_FILE = YES;
				INFOPLIST_FILE = "SWIFTUI-Translate-Info.plist";
				INFOPLIST_KEY_UIApplicationSceneManifest_Generation = YES;
				INFOPLIST_KEY_UIApplicationSupportsIndirectInputEvents = YES;
				INFOPLIST_KEY_UILaunchScreen_Generation = YES;
				INFOPLIST_KEY_UISupportedInterfaceOrientations_iPad = "UIInterfaceOrientationPortrait UIInterfaceOrientationPortraitUpsideDown UIInterfaceOrientationLandscapeLeft UIInterfaceOrientationLandscapeRight";
				INFOPLIST_KEY_UISupportedInterfaceOrientations_iPhone = "UIInterfaceOrientationPortrait UIInterfaceOrientationLandscapeLeft UIInterfaceOrientationLandscapeRight";
				LD_RUNPATH_SEARCH_PATHS = (
					"$(inherited)",
					"@executable_path/Frameworks",
				);
				MARKETING_VERSION = 1.0;
				PRODUCT_BUNDLE_IDENTIFIER = yslee.swiftui.translate;
				PRODUCT_NAME = "$(TARGET_NAME)";
				SWIFT_EMIT_LOC_STRINGS = YES;
				SWIFT_VERSION = 5.0;
				TARGETED_DEVICE_FAMILY = "1,2";
			};
			name = Debug;
		};
		349D80042A1B75F200E9C6E1 /* Release */ = {
			isa = XCBuildConfiguration;
			buildSettings = {
				ASSETCATALOG_COMPILER_APPICON_NAME = AppIcon;
				ASSETCATALOG_COMPILER_GLOBAL_ACCENT_COLOR_NAME = AccentColor;
				CODE_SIGN_STYLE = Automatic;
				CURRENT_PROJECT_VERSION = 1;
				DEVELOPMENT_ASSET_PATHS = "\"SWIFTUI_Translate/Resource/Preview Content\"";
				DEVELOPMENT_TEAM = 6V8879W55Z;
				ENABLE_PREVIEWS = YES;
				GENERATE_INFOPLIST_FILE = YES;
				INFOPLIST_FILE = "SWIFTUI-Translate-Info.plist";
				INFOPLIST_KEY_UIApplicationSceneManifest_Generation = YES;
				INFOPLIST_KEY_UIApplicationSupportsIndirectInputEvents = YES;
				INFOPLIST_KEY_UILaunchScreen_Generation = YES;
				INFOPLIST_KEY_UISupportedInterfaceOrientations_iPad = "UIInterfaceOrientationPortrait UIInterfaceOrientationPortraitUpsideDown UIInterfaceOrientationLandscapeLeft UIInterfaceOrientationLandscapeRight";
				INFOPLIST_KEY_UISupportedInterfaceOrientations_iPhone = "UIInterfaceOrientationPortrait UIInterfaceOrientationLandscapeLeft UIInterfaceOrientationLandscapeRight";
				LD_RUNPATH_SEARCH_PATHS = (
					"$(inherited)",
					"@executable_path/Frameworks",
				);
				MARKETING_VERSION = 1.0;
				PRODUCT_BUNDLE_IDENTIFIER = yslee.swiftui.translate;
				PRODUCT_NAME = "$(TARGET_NAME)";
				SWIFT_EMIT_LOC_STRINGS = YES;
				SWIFT_VERSION = 5.0;
				TARGETED_DEVICE_FAMILY = "1,2";
			};
			name = Release;
		};
/* End XCBuildConfiguration section */

/* Begin XCConfigurationList section */
		349D7FEF2A1B75EE00E9C6E1 /* Build configuration list for PBXProject "SWIFTUI_Translate" */ = {
			isa = XCConfigurationList;
			buildConfigurations = (
				349D80002A1B75F200E9C6E1 /* Debug */,
				349D80012A1B75F200E9C6E1 /* Release */,
			);
			defaultConfigurationIsVisible = 0;
			defaultConfigurationName = Release;
		};
		349D80022A1B75F200E9C6E1 /* Build configuration list for PBXNativeTarget "SWIFTUI_Translate" */ = {
			isa = XCConfigurationList;
			buildConfigurations = (
				349D80032A1B75F200E9C6E1 /* Debug */,
				349D80042A1B75F200E9C6E1 /* Release */,
			);
			defaultConfigurationIsVisible = 0;
			defaultConfigurationName = Release;
		};
/* End XCConfigurationList section */
	};
	rootObject = 349D7FEC2A1B75EE00E9C6E1 /* Project object */;
}
